{
  "name": "golf-friends",
  "version": "1.0.0",
  "lockfileVersion": 1,
  "requires": true,
  "dependencies": {
    "corpora": {
      "version": "github:dariusk/corpora#2ab9c2f4cbbe8153278ec64ab127ca76d7e58ee0",
      "from": "github:dariusk/corpora"
    },
    "tracery-grammar": {
      "version": "2.7.4",
      "resolved": "https://registry.npmjs.org/tracery-grammar/-/tracery-grammar-2.7.4.tgz",
      "integrity": "sha512-oFSEconWOSh73kYSkqU137OYa/7+UCohel6wEFHgNh2ito9lDmitz5xr9IU0OIrxjo7UPSdFMzgKAp1c/lsi6A=="
    }
  }
}
